
Microsoft Visual Studio Solution File, Format Version 12.00
# Visual Studio 15
VisualStudioVersion = 15.0.28307.329
MinimumVisualStudioVersion = 10.0.40219.1
Project("{FAE04EC0-301F-11D3-BF4B-00C04F79EFBC}") = "UserService", "UserService\UserService.csproj", "{2D89BB74-5E00-441C-A4BD-098BB31C0950}"
EndProject
Project("{FAE04EC0-301F-11D3-BF4B-00C04F79EFBC}") = "OrderService", "OrderService\OrderService.csproj", "{9C7D3FD8-DBA5-4FE9-BCEE-7934F19AC1FE}"
EndProject
Project("{FAE04EC0-301F-11D3-BF4B-00C04F79EFBC}") = "AggregatorService", "AggregatorService\AggregatorService.csproj", "{D2A96828-929F-4074-8D02-1CB328B8EE4A}"
EndProject
Global
	GlobalSection(SolutionConfigurationPlatforms) = preSolution
		Debug|Any CPU = Debug|Any CPU
		Release|Any CPU = Release|Any CPU
	EndGlobalSection
	GlobalSection(ProjectConfigurationPlatforms) = postSolution
		{2D89BB74-5E00-441C-A4BD-098BB31C0950}.Debug|Any CPU.ActiveCfg = Debug|Any CPU
		{2D89BB74-5E00-441C-A4BD-098BB31C0950}.Debug|Any CPU.Build.0 = Debug|Any CPU
		{2D89BB74-5E00-441C-A4BD-098BB31C0950}.Release|Any CPU.ActiveCfg = Release|Any CPU
		{2D89BB74-5E00-441C-A4BD-098BB31C0950}.Release|Any CPU.Build.0 = Release|Any CPU
		{9C7D3FD8-DBA5-4FE9-BCEE-7934F19AC1FE}.Debug|Any CPU.ActiveCfg = Debug|Any CPU
		{9C7D3FD8-DBA5-4FE9-BCEE-7934F19AC1FE}.Debug|Any CPU.Build.0 = Debug|Any CPU
		{9C7D3FD8-DBA5-4FE9-BCEE-7934F19AC1FE}.Release|Any CPU.ActiveCfg = Release|Any CPU
		{9C7D3FD8-DBA5-4FE9-BCEE-7934F19AC1FE}.Release|Any CPU.Build.0 = Release|Any CPU
		{D2A96828-929F-4074-8D02-1CB328B8EE4A}.Debug|Any CPU.ActiveCfg = Debug|Any CPU
		{D2A96828-929F-4074-8D02-1CB328B8EE4A}.Debug|Any CPU.Build.0 = Debug|Any CPU
		{D2A96828-929F-4074-8D02-1CB328B8EE4A}.Release|Any CPU.ActiveCfg = Release|Any CPU
		{D2A96828-929F-4074-8D02-1CB328B8EE4A}.Release|Any CPU.Build.0 = Release|Any CPU
	EndGlobalSection
	GlobalSection(SolutionProperties) = preSolution
		HideSolutionNode = FALSE
	EndGlobalSection
	GlobalSection(ExtensibilityGlobals) = postSolution
		SolutionGuid = {B3780595-8951-47FC-A075-5B6441BB3D3E}
	EndGlobalSection
EndGlobal
